
Microsoft Visual Studio Solution File, Format Version 12.00
# Visual Studio Version 16
VisualStudioVersion = 16.0.32510.428
MinimumVisualStudioVersion = 10.0.40219.1
Project("{9A19103F-16F7-4668-BE54-9A1E7A4F7556}") = "Atos_Part1", "Atos_Part1\Atos_Part1.csproj", "{81511782-A339-4FBF-AA94-85126ECFFFA6}"
EndProject
Global
	GlobalSection(SolutionConfigurationPlatforms) = preSolution
		Debug|Any CPU = Debug|Any CPU
		Release|Any CPU = Release|Any CPU
	EndGlobalSection
	GlobalSection(ProjectConfigurationPlatforms) = postSolution
		{81511782-A339-4FBF-AA94-85126ECFFFA6}.Debug|Any CPU.ActiveCfg = Debug|Any CPU
		{81511782-A339-4FBF-AA94-85126ECFFFA6}.Debug|Any CPU.Build.0 = Debug|Any CPU
		{81511782-A339-4FBF-AA94-85126ECFFFA6}.Release|Any CPU.ActiveCfg = Release|Any CPU
		{81511782-A339-4FBF-AA94-85126ECFFFA6}.Release|Any CPU.Build.0 = Release|Any CPU
	EndGlobalSection
	GlobalSection(SolutionProperties) = preSolution
		HideSolutionNode = FALSE
	EndGlobalSection
	GlobalSection(ExtensibilityGlobals) = postSolution
		SolutionGuid = {AA62C1FF-A374-4EB9-BAB2-9807E77556B7}
	EndGlobalSection
EndGlobal
